{
  "lockfile-version": 1,
  "manifest": {
    "schema-version": "1.14.0",
    "install": {
      "anthropic-darwin": {
        "pkg-path": "justin-flox/anthropic",
        "pkg-group": "sdk-darwin",
        "systems": [
          "aarch64-darwin"
        ]
      },
      "anthropic-linux": {
        "pkg-path": "justin-flox/anthropic",
        "pkg-group": "sdk-linux",
        "systems": [
          "x86_64-linux"
        ]
      },
      "cloudflared": {
        "pkg-path": "cloudflared"
      },
      "fastapi": {
        "pkg-path": "python312Packages.fastapi",
        "outputs": "all"
      },
      "git": {
        "pkg-path": "git",
        "outputs": "all"
      },
      "psycopg": {
        "pkg-path": "python312Packages.psycopg",
        "outputs": "all"
      },
      "psycopg-pool": {
        "pkg-path": "python312Packages.psycopg-pool",
        "outputs": "all"
      },
      "pydantic-settings": {
        "pkg-path": "python312Packages.pydantic-settings",
        "outputs": "all"
      },
      "python": {
        "pkg-path": "python312"
      },
      "ripgrep": {
        "pkg-path": "ripgrep"
      },
      "uvicorn": {
        "pkg-path": "python312Packages.uvicorn",
        "outputs": "all"
      }
    },
    "vars": {
      "INTERCOM_API_BASE": "https://api.intercom.io",
      "TRIAGE_MODEL": "claude-opus-5"
    },
    "hook": {
      "on-activate": "  # Load .env, but let variables already set in the shell win — so\n  # `POST_NOTES=true flox activate -- ...` overrides the file.\n  if [ -f \"$FLOX_ENV_PROJECT/.env\" ]; then\n    while IFS= read -r line || [ -n \"$line\" ]; do\n      case \"$line\" in ''|'#'*) continue;; esac\n      key=${line%%=*}\n      case \"$key\" in *[!A-Za-z0-9_]*) continue;; esac\n      eval \"existing=\\${$key+set}\"\n      [ -n \"${existing:-}\" ] || export \"$key=${line#*=}\"\n    done < \"$FLOX_ENV_PROJECT/.env\"\n  fi\n\n  cd \"$FLOX_ENV_PROJECT\"\n"
    },
    "profile": {
      "common": "  serve() { uvicorn app.main:app --reload --port \"${PORT:-8787}\"; }\n"
    },
    "options": {
      "systems": [
        "aarch64-darwin",
        "x86_64-linux"
      ]
    },
    "containerize": {
      "config": {
        "exposed-ports": [
          "8080/tcp"
        ],
        "cmd": [
          "uvicorn",
          "app.main:app",
          "--host",
          "0.0.0.0",
          "--port",
          "8080"
        ],
        "working-dir": "/app"
      }
    }
  },
  "packages": [
    {
      "attr_path": "anthropic",
      "broken": false,
      "derivation": "/nix/store/rh69w9cij2ywq38s60g35gs8cgvps4lw-python3.12-anthropic-1.3.0.drv",
      "description": "Anthropic Python SDK 1.3.0 (newer than the catalog's 0.75.0)",
      "install_id": "anthropic-darwin",
      "license": "MIT",
      "locked_url": "https://github.com/justincastilla/flox-intercom-triage.git?rev=b33e3774a17adfe7be7185760dbf365391da8e13",
      "name": "python3.12-anthropic-1.3.0",
      "pname": "anthropic",
      "rev": "b33e3774a17adfe7be7185760dbf365391da8e13",
      "rev_count": 2,
      "rev_date": "2026-09-03T17:05:17Z",
      "scrape_date": "2026-09-03T23:12:43.981114Z",
      "stabilities": [
        "staging",
        "unstable"
      ],
      "unfree": false,
      "version": "1.3.0",
      "outputs_to_install": [
        "out"
      ],
      "outputs": {
        "dist": "/nix/store/jhff3zwzhmc08cgg1rhnygclw4ivnbk4-python3.12-anthropic-1.3.0-dist",
        "out": "/nix/store/z9c3br0fq8xm6i22qhc4pjqw408mvwd6-python3.12-anthropic-1.3.0"
      },
      "system": "aarch64-darwin",
      "group": "sdk-darwin",
      "priority": 5
    },
    {
      "attr_path": "anthropic",
      "broken": false,
      "derivation": "/nix/store/msppfbr4gclz979z86rcs6h1xijlzs2p-python3.12-anthropic-1.3.0.drv",
      "description": "Anthropic Python SDK 1.3.0 (newer than the catalog's 0.75.0)",
      "install_id": "anthropic-linux",
      "license": "MIT",
      "locked_url": "https://github.com/justincastilla/flox-intercom-triage?rev=a7f5ac2cf43b26e673b2929c6065b2573daaab78",
      "name": "python3.12-anthropic-1.3.0",
      "pname": "anthropic",
      "rev": "a7f5ac2cf43b26e673b2929c6065b2573daaab78",
      "rev_count": 4,
      "rev_date": "2026-09-03T23:02:59Z",
      "scrape_date": "2026-09-03T23:12:43.981123Z",
      "stabilities": [
        "unstable",
        "stable",
        "staging"
      ],
      "unfree": false,
      "version": "1.3.0",
      "outputs_to_install": [
        "out"
      ],
      "outputs": {
        "dist": "/nix/store/bwq4i5g4gkxb3gf8p1f0x8z9jx058d8g-python3.12-anthropic-1.3.0-dist",
        "out": "/nix/store/s5r0886fai1058ibdjbp5zwkkazzxpji-python3.12-anthropic-1.3.0"
      },
      "system": "x86_64-linux",
      "group": "sdk-linux",
      "priority": 5
    },
    {
      "attr_path": "cloudflared",
      "broken": false,
      "derivation": "/nix/store/33r9la619s676djz8gkglrss2pkdr7ns-cloudflared-2025.11.1.drv",
      "description": "Client for various Cloudflare services, including Tunnel, Access, and DNS over HTTPS",
      "install_id": "cloudflared",
      "license": "Apache-2.0",
      "locked_url": "https://github.com/flox/nixpkgs?rev=3e2499d5539c16d0d173ba53552a4ff8547f4539",
      "name": "cloudflared-2025.11.1",
      "pname": "cloudflared",
      "rev": "3e2499d5539c16d0d173ba53552a4ff8547f4539",
      "rev_count": 916364,
      "rev_date": "2025-12-25T08:32:45Z",
      "scrape_date": "2025-12-26T03:02:30.647701Z",
      "stabilities": [
        "stable",
        "staging",
        "unstable"
      ],
      "unfree": false,
      "version": "2025.11.1",
      "outputs_to_install": [
        "out"
      ],
      "outputs": {
        "out": "/nix/store/ygjnjc7xkzizi4iidig8vz3ylc92r825-cloudflared-2025.11.1"
      },
      "system": "aarch64-darwin",
      "group": "toplevel",
      "priority": 5
    },
    {
      "attr_path": "cloudflared",
      "broken": false,
      "derivation": "/nix/store/12lxvnf14m0h0gxd5q1i50pc4ik0khkq-cloudflared-2025.11.1.drv",
      "description": "Client for various Cloudflare services, including Tunnel, Access, and DNS over HTTPS",
      "install_id": "cloudflared",
      "license": "Apache-2.0",
      "locked_url": "https://github.com/flox/nixpkgs?rev=3e2499d5539c16d0d173ba53552a4ff8547f4539",
      "name": "cloudflared-2025.11.1",
      "pname": "cloudflared",
      "rev": "3e2499d5539c16d0d173ba53552a4ff8547f4539",
      "rev_count": 916364,
      "rev_date": "2025-12-25T08:32:45Z",
      "scrape_date": "2025-12-26T03:51:07.821698Z",
      "stabilities": [
        "stable",
        "staging",
        "unstable"
      ],
      "unfree": false,
      "version": "2025.11.1",
      "outputs_to_install": [
        "out"
      ],
      "outputs": {
        "out": "/nix/store/nr2252sfmyhd9f08n8k9b22mn2agmz4r-cloudflared-2025.11.1"
      },
      "system": "x86_64-linux",
      "group": "toplevel",
      "priority": 5
    },
    {
      "attr_path": "python312Packages.fastapi",
      "broken": false,
      "derivation": "/nix/store/1x25djqf4j9hs4155gdd0w7cg4f89cda-python3.12-fastapi-0.116.1.drv",
      "description": "Web framework for building APIs",
      "install_id": "fastapi",
      "license": "MIT",
      "locked_url": "https://github.com/flox/nixpkgs?rev=3e2499d5539c16d0d173ba53552a4ff8547f4539",
      "name": "python3.12-fastapi-0.116.1",
      "pname": "fastapi",
      "rev": "3e2499d5539c16d0d173ba53552a4ff8547f4539",
      "rev_count": 916364,
      "rev_date": "2025-12-25T08:32:45Z",
      "scrape_date": "2025-12-26T03:03:14.258101Z",
      "stabilities": [
        "stable",
        "staging",
        "unstable"
      ],
      "unfree": false,
      "version": "0.116.1",
      "outputs_to_install": [
        "out"
      ],
      "outputs": {
        "dist": "/nix/store/vksqfkxjwswx29011k4h27z0y6s84i60-python3.12-fastapi-0.116.1-dist",
        "out": "/nix/store/ckl8v556bippk8yp0igz01ypjawlx5w2-python3.12-fastapi-0.116.1"
      },
      "system": "aarch64-darwin",
      "group": "toplevel",
      "priority": 5
    },
    {
      "attr_path": "python312Packages.fastapi",
      "broken": false,
      "derivation": "/nix/store/nrhkwysqz3kaqbdwrym2vmf5am67x8l5-python3.12-fastapi-0.116.1.drv",
      "description": "Web framework for building APIs",
      "install_id": "fastapi",
      "license": "MIT",
      "locked_url": "https://github.com/flox/nixpkgs?rev=3e2499d5539c16d0d173ba53552a4ff8547f4539",
      "name": "python3.12-fastapi-0.116.1",
      "pname": "fastapi",
      "rev": "3e2499d5539c16d0d173ba53552a4ff8547f4539",
      "rev_count": 916364,
      "rev_date": "2025-12-25T08:32:45Z",
      "scrape_date": "2025-12-26T03:52:14.487230Z",
      "stabilities": [
        "stable",
        "staging",
        "unstable"
      ],
      "unfree": false,
      "version": "0.116.1",
      "outputs_to_install": [
        "out",
        "out",
        "out",
        "out"
      ],
      "outputs": {
        "dist": "/nix/store/mxzckqln1fpmc669bcdxq5da5wkl50lk-python3.12-fastapi-0.116.1-dist",
        "out": "/nix/store/pv3zpp90qpf4ff0ymsjdpcip75x0rs4y-python3.12-fastapi-0.116.1"
      },
      "system": "x86_64-linux",
      "group": "toplevel",
      "priority": 5
    },
    {
      "attr_path": "git",
      "broken": false,
      "derivation": "/nix/store/d9h80amxk6d5w95nqkrwzfap1jhx7j19-git-2.51.2.drv",
      "description": "Distributed version control system",
      "install_id": "git",
      "license": "GPL-2.0",
      "locked_url": "https://github.com/flox/nixpkgs?rev=3e2499d5539c16d0d173ba53552a4ff8547f4539",
      "name": "git-2.51.2",
      "pname": "git",
      "rev": "3e2499d5539c16d0d173ba53552a4ff8547f4539",
      "rev_count": 916364,
      "rev_date": "2025-12-25T08:32:45Z",
      "scrape_date": "2025-12-26T03:02:31.398405Z",
      "stabilities": [
        "stable",
        "staging",
        "unstable"
      ],
      "unfree": false,
      "version": "2.51.2",
      "outputs_to_install": [
        "out"
      ],
      "outputs": {
        "doc": "/nix/store/6wnscv0364r6430qmx33nn927dlw2vnf-git-2.51.2-doc",
        "out": "/nix/store/x34bh6s6ighg7lb74nkjbx3nx52zj0j9-git-2.51.2"
      },
      "system": "aarch64-darwin",
      "group": "toplevel",
      "priority": 5
    },
    {
      "attr_path": "git",
      "broken": false,
      "derivation": "/nix/store/6s7gdpmapcl545arq4zmgdnh4s035y9g-git-2.51.2.drv",
      "description": "Distributed version control system",
      "install_id": "git",
      "license": "GPL-2.0",
      "locked_url": "https://github.com/flox/nixpkgs?rev=3e2499d5539c16d0d173ba53552a4ff8547f4539",
      "name": "git-2.51.2",
      "pname": "git",
      "rev": "3e2499d5539c16d0d173ba53552a4ff8547f4539",
      "rev_count": 916364,
      "rev_date": "2025-12-25T08:32:45Z",
      "scrape_date": "2025-12-26T03:51:09.114645Z",
      "stabilities": [
        "stable",
        "staging",
        "unstable"
      ],
      "unfree": false,
      "version": "2.51.2",
      "outputs_to_install": [
        "out",
        "out"
      ],
      "outputs": {
        "debug": "/nix/store/pjr2vd588sxa47glfg0ky0df3vk79dcs-git-2.51.2-debug",
        "doc": "/nix/store/9k6ivrdddy9s3z1hiwgavl0kfr2czgav-git-2.51.2-doc",
        "out": "/nix/store/4qhdhmi7pzgad0zfd7c5lsg235mbf9hv-git-2.51.2"
      },
      "system": "x86_64-linux",
      "group": "toplevel",
      "priority": 5
    },
    {
      "attr_path": "python312Packages.psycopg",
      "broken": false,
      "derivation": "/nix/store/v5d3jv5rqsgzsrab6r90ja1laj3hry6h-python3.12-psycopg-3.3.2.drv",
      "description": "PostgreSQL database adapter for Python",
      "install_id": "psycopg",
      "license": "LGPL-3.0-or-later",
      "locked_url": "https://github.com/flox/nixpkgs?rev=3e2499d5539c16d0d173ba53552a4ff8547f4539",
      "name": "python3.12-psycopg-3.3.2",
      "pname": "psycopg",
      "rev": "3e2499d5539c16d0d173ba53552a4ff8547f4539",
      "rev_count": 916364,
      "rev_date": "2025-12-25T08:32:45Z",
      "scrape_date": "2025-12-26T03:03:21.075248Z",
      "stabilities": [
        "stable",
        "staging",
        "unstable"
      ],
      "unfree": false,
      "version": "3.3.2",
      "outputs_to_install": [
        "out"
      ],
      "outputs": {
        "dist": "/nix/store/wmy1wcc5mymmjvbbifnrp1ss480wfns8-python3.12-psycopg-3.3.2-dist",
        "doc": "/nix/store/fx5jdnq07qb3awjpaqnn792xal367w00-python3.12-psycopg-3.3.2-doc",
        "out": "/nix/store/vxrj5n22pg564j0rdkjwjvv7wcxafywc-python3.12-psycopg-3.3.2"
      },
      "system": "aarch64-darwin",
      "group": "toplevel",
      "priority": 5
    },
    {
      "attr_path": "python312Packages.psycopg",
      "broken": false,
      "derivation": "/nix/store/ncfzfqxsbcwhainp9ffl7bhjdc812my1-python3.12-psycopg-3.3.2.drv",
      "description": "PostgreSQL database adapter for Python",
      "install_id": "psycopg",
      "license": "LGPL-3.0-or-later",
      "locked_url": "https://github.com/flox/nixpkgs?rev=3e2499d5539c16d0d173ba53552a4ff8547f4539",
      "name": "python3.12-psycopg-3.3.2",
      "pname": "psycopg",
      "rev": "3e2499d5539c16d0d173ba53552a4ff8547f4539",
      "rev_count": 916364,
      "rev_date": "2025-12-25T08:32:45Z",
      "scrape_date": "2025-12-26T03:52:22.864830Z",
      "stabilities": [
        "stable",
        "staging",
        "unstable"
      ],
      "unfree": false,
      "version": "3.3.2",
      "outputs_to_install": [
        "out"
      ],
      "outputs": {
        "dist": "/nix/store/q2vgs6ab72g39wkl23fc2lcc75kk887v-python3.12-psycopg-3.3.2-dist",
        "doc": "/nix/store/14viawv11by09mxhrgy9zimcw1px3i5f-python3.12-psycopg-3.3.2-doc",
        "out": "/nix/store/gllk3zl4h5iqcchq5xjjhdki181m5nkc-python3.12-psycopg-3.3.2"
      },
      "system": "x86_64-linux",
      "group": "toplevel",
      "priority": 5
    },
    {
      "attr_path": "python312Packages.psycopg-pool",
      "broken": false,
      "derivation": "/nix/store/bmq27hd63nb6kql0laj339r7y2lxk5a2-python3.12-psycopg-pool-3.3.2.drv",
      "description": "Connection Pool for Psycopg",
      "install_id": "psycopg-pool",
      "license": "LGPL-3.0-or-later",
      "locked_url": "https://github.com/flox/nixpkgs?rev=3e2499d5539c16d0d173ba53552a4ff8547f4539",
      "name": "python3.12-psycopg-pool-3.3.2",
      "pname": "psycopg-pool",
      "rev": "3e2499d5539c16d0d173ba53552a4ff8547f4539",
      "rev_count": 916364,
      "rev_date": "2025-12-25T08:32:45Z",
      "scrape_date": "2025-12-26T03:03:21.079666Z",
      "stabilities": [
        "stable",
        "staging",
        "unstable"
      ],
      "unfree": false,
      "version": "3.3.2",
      "outputs_to_install": [
        "out"
      ],
      "outputs": {
        "dist": "/nix/store/3s9cyiipihcryxia667cx86frx75nqw6-python3.12-psycopg-pool-3.3.2-dist",
        "out": "/nix/store/7mwadv0cnzvq73waxwcgwdqzcrmimy02-python3.12-psycopg-pool-3.3.2"
      },
      "system": "aarch64-darwin",
      "group": "toplevel",
      "priority": 5
    },
    {
      "attr_path": "python312Packages.psycopg-pool",
      "broken": false,
      "derivation": "/nix/store/r2vkwi330mq47byg3pkv83jj8z6sarj3-python3.12-psycopg-pool-3.3.2.drv",
      "description": "Connection Pool for Psycopg",
      "install_id": "psycopg-pool",
      "license": "LGPL-3.0-or-later",
      "locked_url": "https://github.com/flox/nixpkgs?rev=3e2499d5539c16d0d173ba53552a4ff8547f4539",
      "name": "python3.12-psycopg-pool-3.3.2",
      "pname": "psycopg-pool",
      "rev": "3e2499d5539c16d0d173ba53552a4ff8547f4539",
      "rev_count": 916364,
      "rev_date": "2025-12-25T08:32:45Z",
      "scrape_date": "2025-12-26T03:52:22.870038Z",
      "stabilities": [
        "stable",
        "staging",
        "unstable"
      ],
      "unfree": false,
      "version": "3.3.2",
      "outputs_to_install": [
        "out"
      ],
      "outputs": {
        "dist": "/nix/store/80a5nh8zfx6sl3rhwvgffxibnnfl7byn-python3.12-psycopg-pool-3.3.2-dist",
        "out": "/nix/store/jw5sryg647xbmlfrmzm2hxwf71rd0k2a-python3.12-psycopg-pool-3.3.2"
      },
      "system": "x86_64-linux",
      "group": "toplevel",
      "priority": 5
    },
    {
      "attr_path": "python312Packages.pydantic-settings",
      "broken": false,
      "derivation": "/nix/store/r41p23d1mbi41cyvpwlwjwwlr6962dvq-python3.12-pydantic-settings-2.10.1.drv",
      "description": "Settings management using pydantic",
      "install_id": "pydantic-settings",
      "license": "MIT",
      "locked_url": "https://github.com/flox/nixpkgs?rev=3e2499d5539c16d0d173ba53552a4ff8547f4539",
      "name": "python3.12-pydantic-settings-2.10.1",
      "pname": "pydantic-settings",
      "rev": "3e2499d5539c16d0d173ba53552a4ff8547f4539",
      "rev_count": 916364,
      "rev_date": "2025-12-25T08:32:45Z",
      "scrape_date": "2025-12-26T03:03:21.602472Z",
      "stabilities": [
        "stable",
        "staging",
        "unstable"
      ],
      "unfree": false,
      "version": "2.10.1",
      "outputs_to_install": [
        "out"
      ],
      "outputs": {
        "dist": "/nix/store/30br046lmma8amv1y0j3v0vfniandwqm-python3.12-pydantic-settings-2.10.1-dist",
        "out": "/nix/store/icgw2rz40bazcvbck2aqlgnp4kj9w0q7-python3.12-pydantic-settings-2.10.1"
      },
      "system": "aarch64-darwin",
      "group": "toplevel",
      "priority": 5
    },
    {
      "attr_path": "python312Packages.pydantic-settings",
      "broken": false,
      "derivation": "/nix/store/y5gx1hwdfxy4f9qm1p2fsfxipgszrjz9-python3.12-pydantic-settings-2.10.1.drv",
      "description": "Settings management using pydantic",
      "install_id": "pydantic-settings",
      "license": "MIT",
      "locked_url": "https://github.com/flox/nixpkgs?rev=3e2499d5539c16d0d173ba53552a4ff8547f4539",
      "name": "python3.12-pydantic-settings-2.10.1",
      "pname": "pydantic-settings",
      "rev": "3e2499d5539c16d0d173ba53552a4ff8547f4539",
      "rev_count": 916364,
      "rev_date": "2025-12-25T08:32:45Z",
      "scrape_date": "2025-12-26T03:52:23.505268Z",
      "stabilities": [
        "stable",
        "staging",
        "unstable"
      ],
      "unfree": false,
      "version": "2.10.1",
      "outputs_to_install": [
        "out",
        "out",
        "out",
        "out"
      ],
      "outputs": {
        "dist": "/nix/store/8fx4y5ql6qjdi1z2865kbn2nvvhcfmjg-python3.12-pydantic-settings-2.10.1-dist",
        "out": "/nix/store/lfr9v0zg8xas3d7y7ickdmzn9sgpcm71-python3.12-pydantic-settings-2.10.1"
      },
      "system": "x86_64-linux",
      "group": "toplevel",
      "priority": 5
    },
    {
      "attr_path": "python312",
      "broken": false,
      "derivation": "/nix/store/wvzb99k7ssym0kcv9ciflr7g84ag61hq-python3-3.12.12.drv",
      "description": "High-level dynamically-typed programming language",
      "install_id": "python",
      "license": "Python-2.0",
      "locked_url": "https://github.com/flox/nixpkgs?rev=3e2499d5539c16d0d173ba53552a4ff8547f4539",
      "name": "python3-3.12.12",
      "pname": "python312",
      "rev": "3e2499d5539c16d0d173ba53552a4ff8547f4539",
      "rev_count": 916364,
      "rev_date": "2025-12-25T08:32:45Z",
      "scrape_date": "2025-12-26T03:03:09.802456Z",
      "stabilities": [
        "stable",
        "staging",
        "unstable"
      ],
      "unfree": false,
      "version": "python3-3.12.12",
      "outputs_to_install": [
        "out",
        "out"
      ],
      "outputs": {
        "out": "/nix/store/nrk1773m026hlgkk7vlpvc2s6zlwf1rh-python3-3.12.12"
      },
      "system": "aarch64-darwin",
      "group": "toplevel",
      "priority": 5
    },
    {
      "attr_path": "python312",
      "broken": false,
      "derivation": "/nix/store/292x6hs174q68ibb9n1b3p4hpqsbyprh-python3-3.12.12.drv",
      "description": "High-level dynamically-typed programming language",
      "install_id": "python",
      "license": "Python-2.0",
      "locked_url": "https://github.com/flox/nixpkgs?rev=3e2499d5539c16d0d173ba53552a4ff8547f4539",
      "name": "python3-3.12.12",
      "pname": "python312",
      "rev": "3e2499d5539c16d0d173ba53552a4ff8547f4539",
      "rev_count": 916364,
      "rev_date": "2025-12-25T08:32:45Z",
      "scrape_date": "2025-12-26T03:52:08.954314Z",
      "stabilities": [
        "stable",
        "staging",
        "unstable"
      ],
      "unfree": false,
      "version": "python3-3.12.12",
      "outputs_to_install": [
        "out",
        "out",
        "out",
        "out"
      ],
      "outputs": {
        "debug": "/nix/store/y2128xkl79k97arhvrsq2p2rmr0dim75-python3-3.12.12-debug",
        "out": "/nix/store/fdibxyh7xcmqrc172y78awzhxs292gq1-python3-3.12.12"
      },
      "system": "x86_64-linux",
      "group": "toplevel",
      "priority": 5
    },
    {
      "attr_path": "ripgrep",
      "broken": false,
      "derivation": "/nix/store/zjvj12j3sxlvzxs3hqzjhwl28klfpa4y-ripgrep-15.1.0.drv",
      "description": "Utility that combines the usability of The Silver Searcher with the raw speed of grep",
      "install_id": "ripgrep",
      "license": "[ Unlicense, MIT ]",
      "locked_url": "https://github.com/flox/nixpkgs?rev=3e2499d5539c16d0d173ba53552a4ff8547f4539",
      "name": "ripgrep-15.1.0",
      "pname": "ripgrep",
      "rev": "3e2499d5539c16d0d173ba53552a4ff8547f4539",
      "rev_count": 916364,
      "rev_date": "2025-12-25T08:32:45Z",
      "scrape_date": "2025-12-26T03:03:56.317113Z",
      "stabilities": [
        "stable",
        "staging",
        "unstable"
      ],
      "unfree": false,
      "version": "15.1.0",
      "outputs_to_install": [
        "out",
        "out"
      ],
      "outputs": {
        "out": "/nix/store/mhv88knw2x5qdnzl7p06wxa9bxrkgghv-ripgrep-15.1.0"
      },
      "system": "aarch64-darwin",
      "group": "toplevel",
      "priority": 5
    },
    {
      "attr_path": "ripgrep",
      "broken": false,
      "derivation": "/nix/store/bfb6rviy7kdgvswfqxcs4rigabcqi7s5-ripgrep-15.1.0.drv",
      "description": "Utility that combines the usability of The Silver Searcher with the raw speed of grep",
      "install_id": "ripgrep",
      "license": "[ Unlicense, MIT ]",
      "locked_url": "https://github.com/flox/nixpkgs?rev=3e2499d5539c16d0d173ba53552a4ff8547f4539",
      "name": "ripgrep-15.1.0",
      "pname": "ripgrep",
      "rev": "3e2499d5539c16d0d173ba53552a4ff8547f4539",
      "rev_count": 916364,
      "rev_date": "2025-12-25T08:32:45Z",
      "scrape_date": "2025-12-26T03:53:05.442076Z",
      "stabilities": [
        "stable",
        "staging",
        "unstable"
      ],
      "unfree": false,
      "version": "15.1.0",
      "outputs_to_install": [
        "out",
        "out"
      ],
      "outputs": {
        "out": "/nix/store/2fngznir58zqpvg2wl7iy5amlsbzhf9p-ripgrep-15.1.0"
      },
      "system": "x86_64-linux",
      "group": "toplevel",
      "priority": 5
    },
    {
      "attr_path": "python312Packages.uvicorn",
      "broken": false,
      "derivation": "/nix/store/9bvsjplgz89kcvz3nlkbvv3bq01aqa3y-python3.12-uvicorn-0.35.0.drv",
      "description": "Lightning-fast ASGI server",
      "install_id": "uvicorn",
      "license": "BSD-3-Clause",
      "locked_url": "https://github.com/flox/nixpkgs?rev=3e2499d5539c16d0d173ba53552a4ff8547f4539",
      "name": "python3.12-uvicorn-0.35.0",
      "pname": "uvicorn",
      "rev": "3e2499d5539c16d0d173ba53552a4ff8547f4539",
      "rev_count": 916364,
      "rev_date": "2025-12-25T08:32:45Z",
      "scrape_date": "2025-12-26T03:03:28.935638Z",
      "stabilities": [
        "stable",
        "staging",
        "unstable"
      ],
      "unfree": false,
      "version": "0.35.0",
      "outputs_to_install": [
        "out"
      ],
      "outputs": {
        "dist": "/nix/store/4xhvdhr6rynxlrbs1hjsvr3a5yadiczr-python3.12-uvicorn-0.35.0-dist",
        "out": "/nix/store/wbvg7rs3yd2lavcghfpl375ckw4v6yyw-python3.12-uvicorn-0.35.0",
        "testsout": "/nix/store/i2xarcvz2r5n4n7y1qb2sbcrzzyhd0v3-python3.12-uvicorn-0.35.0-testsout"
      },
      "system": "aarch64-darwin",
      "group": "toplevel",
      "priority": 5
    },
    {
      "attr_path": "python312Packages.uvicorn",
      "broken": false,
      "derivation": "/nix/store/qnm0cjb7k8bhdjwfafqk4r49ibfcrgdc-python3.12-uvicorn-0.35.0.drv",
      "description": "Lightning-fast ASGI server",
      "install_id": "uvicorn",
      "license": "BSD-3-Clause",
      "locked_url": "https://github.com/flox/nixpkgs?rev=3e2499d5539c16d0d173ba53552a4ff8547f4539",
      "name": "python3.12-uvicorn-0.35.0",
      "pname": "uvicorn",
      "rev": "3e2499d5539c16d0d173ba53552a4ff8547f4539",
      "rev_count": 916364,
      "rev_date": "2025-12-25T08:32:45Z",
      "scrape_date": "2025-12-26T03:52:32.477802Z",
      "stabilities": [
        "stable",
        "staging",
        "unstable"
      ],
      "unfree": false,
      "version": "0.35.0",
      "outputs_to_install": [
        "out",
        "out",
        "out",
        "out"
      ],
      "outputs": {
        "dist": "/nix/store/lyppxs6l9l6cbjg42icx5vs312y8m21m-python3.12-uvicorn-0.35.0-dist",
        "out": "/nix/store/4pnihg87m2qms9rrjgl5dr3jm6dfnhll-python3.12-uvicorn-0.35.0",
        "testsout": "/nix/store/wqa9baqj8jspv2h5mi67kn5hdv54d45z-python3.12-uvicorn-0.35.0-testsout"
      },
      "system": "x86_64-linux",
      "group": "toplevel",
      "priority": 5
    }
  ]
}
